
Microsoft Visual Studio Solution File, Format Version 12.00
# Visual Studio 15
VisualStudioVersion = 15.0.27703.2026
MinimumVisualStudioVersion = 10.0.40219.1
Project("{FAE04EC0-301F-11D3-BF4B-00C04F79EFBC}") = "LibreriaModuloTransaccional", "LibreriaConexion\LibreriaModuloTransaccional.csproj", "{FC6385A6-4581-4799-B862-0575D36A0E0B}"
EndProject
Project("{FAE04EC0-301F-11D3-BF4B-00C04F79EFBC}") = "LibreriaMetodologia", "ProtocoloLib\LibreriaMetodologia.csproj", "{B049192A-0AC8-4C35-9EBD-9609C16A61F0}"
EndProject
Project("{FAE04EC0-301F-11D3-BF4B-00C04F79EFBC}") = "LibreriaRegistro", "LoggerLib\LibreriaRegistro.csproj", "{E98F4E55-2600-41AB-AE64-F6CAAF3DD28B}"
EndProject
Project("{FAE04EC0-301F-11D3-BF4B-00C04F79EFBC}") = "Demo", "Demo\Demo.csproj", "{1EC61FC3-FEB7-4C5D-B627-A3014CD12B1D}"
EndProject
Global
	GlobalSection(SolutionConfigurationPlatforms) = preSolution
		Debug|Any CPU = Debug|Any CPU
		Debug|Mixed Platforms = Debug|Mixed Platforms
		Debug|x86 = Debug|x86
		Release|Any CPU = Release|Any CPU
		Release|Mixed Platforms = Release|Mixed Platforms
		Release|x86 = Release|x86
	EndGlobalSection
	GlobalSection(ProjectConfigurationPlatforms) = postSolution
		{FC6385A6-4581-4799-B862-0575D36A0E0B}.Debug|Any CPU.ActiveCfg = Debug|Any CPU
		{FC6385A6-4581-4799-B862-0575D36A0E0B}.Debug|Any CPU.Build.0 = Debug|Any CPU
		{FC6385A6-4581-4799-B862-0575D36A0E0B}.Debug|Mixed Platforms.ActiveCfg = Debug|Any CPU
		{FC6385A6-4581-4799-B862-0575D36A0E0B}.Debug|Mixed Platforms.Build.0 = Debug|Any CPU
		{FC6385A6-4581-4799-B862-0575D36A0E0B}.Debug|x86.ActiveCfg = Debug|Any CPU
		{FC6385A6-4581-4799-B862-0575D36A0E0B}.Release|Any CPU.ActiveCfg = Release|Any CPU
		{FC6385A6-4581-4799-B862-0575D36A0E0B}.Release|Any CPU.Build.0 = Release|Any CPU
		{FC6385A6-4581-4799-B862-0575D36A0E0B}.Release|Mixed Platforms.ActiveCfg = Release|Any CPU
		{FC6385A6-4581-4799-B862-0575D36A0E0B}.Release|Mixed Platforms.Build.0 = Release|Any CPU
		{FC6385A6-4581-4799-B862-0575D36A0E0B}.Release|x86.ActiveCfg = Release|Any CPU
		{B049192A-0AC8-4C35-9EBD-9609C16A61F0}.Debug|Any CPU.ActiveCfg = Debug|Any CPU
		{B049192A-0AC8-4C35-9EBD-9609C16A61F0}.Debug|Any CPU.Build.0 = Debug|Any CPU
		{B049192A-0AC8-4C35-9EBD-9609C16A61F0}.Debug|Mixed Platforms.ActiveCfg = Debug|Any CPU
		{B049192A-0AC8-4C35-9EBD-9609C16A61F0}.Debug|Mixed Platforms.Build.0 = Debug|Any CPU
		{B049192A-0AC8-4C35-9EBD-9609C16A61F0}.Debug|x86.ActiveCfg = Debug|Any CPU
		{B049192A-0AC8-4C35-9EBD-9609C16A61F0}.Release|Any CPU.ActiveCfg = Release|Any CPU
		{B049192A-0AC8-4C35-9EBD-9609C16A61F0}.Release|Any CPU.Build.0 = Release|Any CPU
		{B049192A-0AC8-4C35-9EBD-9609C16A61F0}.Release|Mixed Platforms.ActiveCfg = Release|Any CPU
		{B049192A-0AC8-4C35-9EBD-9609C16A61F0}.Release|Mixed Platforms.Build.0 = Release|Any CPU
		{B049192A-0AC8-4C35-9EBD-9609C16A61F0}.Release|x86.ActiveCfg = Release|Any CPU
		{E98F4E55-2600-41AB-AE64-F6CAAF3DD28B}.Debug|Any CPU.ActiveCfg = Debug|Any CPU
		{E98F4E55-2600-41AB-AE64-F6CAAF3DD28B}.Debug|Any CPU.Build.0 = Debug|Any CPU
		{E98F4E55-2600-41AB-AE64-F6CAAF3DD28B}.Debug|Mixed Platforms.ActiveCfg = Debug|Any CPU
		{E98F4E55-2600-41AB-AE64-F6CAAF3DD28B}.Debug|Mixed Platforms.Build.0 = Debug|Any CPU
		{E98F4E55-2600-41AB-AE64-F6CAAF3DD28B}.Debug|x86.ActiveCfg = Debug|Any CPU
		{E98F4E55-2600-41AB-AE64-F6CAAF3DD28B}.Debug|x86.Build.0 = Debug|Any CPU
		{E98F4E55-2600-41AB-AE64-F6CAAF3DD28B}.Release|Any CPU.ActiveCfg = Release|Any CPU
		{E98F4E55-2600-41AB-AE64-F6CAAF3DD28B}.Release|Any CPU.Build.0 = Release|Any CPU
		{E98F4E55-2600-41AB-AE64-F6CAAF3DD28B}.Release|Mixed Platforms.ActiveCfg = Release|Any CPU
		{E98F4E55-2600-41AB-AE64-F6CAAF3DD28B}.Release|Mixed Platforms.Build.0 = Release|Any CPU
		{E98F4E55-2600-41AB-AE64-F6CAAF3DD28B}.Release|x86.ActiveCfg = Release|Any CPU
		{E98F4E55-2600-41AB-AE64-F6CAAF3DD28B}.Release|x86.Build.0 = Release|Any CPU
		{1EC61FC3-FEB7-4C5D-B627-A3014CD12B1D}.Debug|Any CPU.ActiveCfg = Debug|Any CPU
		{1EC61FC3-FEB7-4C5D-B627-A3014CD12B1D}.Debug|Any CPU.Build.0 = Debug|Any CPU
		{1EC61FC3-FEB7-4C5D-B627-A3014CD12B1D}.Debug|Mixed Platforms.ActiveCfg = Debug|Any CPU
		{1EC61FC3-FEB7-4C5D-B627-A3014CD12B1D}.Debug|Mixed Platforms.Build.0 = Debug|Any CPU
		{1EC61FC3-FEB7-4C5D-B627-A3014CD12B1D}.Debug|x86.ActiveCfg = Debug|Any CPU
		{1EC61FC3-FEB7-4C5D-B627-A3014CD12B1D}.Debug|x86.Build.0 = Debug|Any CPU
		{1EC61FC3-FEB7-4C5D-B627-A3014CD12B1D}.Release|Any CPU.ActiveCfg = Release|Any CPU
		{1EC61FC3-FEB7-4C5D-B627-A3014CD12B1D}.Release|Any CPU.Build.0 = Release|Any CPU
		{1EC61FC3-FEB7-4C5D-B627-A3014CD12B1D}.Release|Mixed Platforms.ActiveCfg = Release|Any CPU
		{1EC61FC3-FEB7-4C5D-B627-A3014CD12B1D}.Release|Mixed Platforms.Build.0 = Release|Any CPU
		{1EC61FC3-FEB7-4C5D-B627-A3014CD12B1D}.Release|x86.ActiveCfg = Release|Any CPU
		{1EC61FC3-FEB7-4C5D-B627-A3014CD12B1D}.Release|x86.Build.0 = Release|Any CPU
	EndGlobalSection
	GlobalSection(SolutionProperties) = preSolution
		HideSolutionNode = FALSE
	EndGlobalSection
	GlobalSection(ExtensibilityGlobals) = postSolution
		SolutionGuid = {E1C9735C-3573-4D0A-9986-53F315B33D47}
	EndGlobalSection
EndGlobal
